
Microsoft Visual Studio Solution File, Format Version 12.00
# Visual Studio 15
VisualStudioVersion = 15.0.27703.2026
MinimumVisualStudioVersion = 10.0.40219.1
Project("{FAE04EC0-301F-11D3-BF4B-00C04F79EFBC}") = "TraceEvent2", "TraceEvent2\TraceEvent2.csproj", "{EAF5ADA4-118D-4888-BCE1-0B9DE487A6A5}"
EndProject
Global
	GlobalSection(SolutionConfigurationPlatforms) = preSolution
		Debug|Any CPU = Debug|Any CPU
		Release|Any CPU = Release|Any CPU
	EndGlobalSection
	GlobalSection(ProjectConfigurationPlatforms) = postSolution
		{EAF5ADA4-118D-4888-BCE1-0B9DE487A6A5}.Debug|Any CPU.ActiveCfg = Debug|Any CPU
		{EAF5ADA4-118D-4888-BCE1-0B9DE487A6A5}.Debug|Any CPU.Build.0 = Debug|Any CPU
		{EAF5ADA4-118D-4888-BCE1-0B9DE487A6A5}.Release|Any CPU.ActiveCfg = Release|Any CPU
		{EAF5ADA4-118D-4888-BCE1-0B9DE487A6A5}.Release|Any CPU.Build.0 = Release|Any CPU
	EndGlobalSection
	GlobalSection(SolutionProperties) = preSolution
		HideSolutionNode = FALSE
	EndGlobalSection
	GlobalSection(ExtensibilityGlobals) = postSolution
		SolutionGuid = {27F5BF2C-BFEF-467A-9ABD-B9212EE0806A}
	EndGlobalSection
EndGlobal
