
Microsoft Visual Studio Solution File, Format Version 12.00
# Visual Studio 15
VisualStudioVersion = 15.0.27703.2026
MinimumVisualStudioVersion = 10.0.40219.1
Project("{FAE04EC0-301F-11D3-BF4B-00C04F79EFBC}") = "TraceEvent2", "TraceEvent2\TraceEvent2.csproj", "{EAF5ADA4-118D-4888-BCE1-0B9DE487A6A5}"
EndProject
Project("{FAE04EC0-301F-11D3-BF4B-00C04F79EFBC}") = "PowerShellInteract", "PowershellInteract\PowerShellInteract.csproj", "{50AE8502-9D18-4C08-9752-BA44C15D9A06}"
EndProject
Project("{F5034706-568F-408A-B7B3-4D38C6DB8A32}") = "PowerShellAST", "PowerShellAST\PowerShellAST.pssproj", "{6CAFC0C6-A428-4D30-A9F9-700E829FEA51}"
EndProject
Project("{888888A0-9F3D-457C-B088-3A5042F75D52}") = "Detection", "Detection\Detection.pyproj", "{D72FCC24-C905-443C-AB11-BC53712B0D89}"
EndProject
Global
	GlobalSection(SolutionConfigurationPlatforms) = preSolution
		Debug|Any CPU = Debug|Any CPU
		Debug|x64 = Debug|x64
		Release(Collect)|Any CPU = Release(Collect)|Any CPU
		Release(Collect)|x64 = Release(Collect)|x64
		Release|Any CPU = Release|Any CPU
		Release|x64 = Release|x64
	EndGlobalSection
	GlobalSection(ProjectConfigurationPlatforms) = postSolution
		{EAF5ADA4-118D-4888-BCE1-0B9DE487A6A5}.Debug|Any CPU.ActiveCfg = Debug|Any CPU
		{EAF5ADA4-118D-4888-BCE1-0B9DE487A6A5}.Debug|Any CPU.Build.0 = Debug|Any CPU
		{EAF5ADA4-118D-4888-BCE1-0B9DE487A6A5}.Debug|x64.ActiveCfg = Release|x64
		{EAF5ADA4-118D-4888-BCE1-0B9DE487A6A5}.Debug|x64.Build.0 = Release|x64
		{EAF5ADA4-118D-4888-BCE1-0B9DE487A6A5}.Release(Collect)|Any CPU.ActiveCfg = Release(Collect)|Any CPU
		{EAF5ADA4-118D-4888-BCE1-0B9DE487A6A5}.Release(Collect)|Any CPU.Build.0 = Release(Collect)|Any CPU
		{EAF5ADA4-118D-4888-BCE1-0B9DE487A6A5}.Release(Collect)|x64.ActiveCfg = Release(Collect)|x64
		{EAF5ADA4-118D-4888-BCE1-0B9DE487A6A5}.Release(Collect)|x64.Build.0 = Release(Collect)|x64
		{EAF5ADA4-118D-4888-BCE1-0B9DE487A6A5}.Release|Any CPU.ActiveCfg = Release|Any CPU
		{EAF5ADA4-118D-4888-BCE1-0B9DE487A6A5}.Release|Any CPU.Build.0 = Release|Any CPU
		{EAF5ADA4-118D-4888-BCE1-0B9DE487A6A5}.Release|x64.ActiveCfg = Release|x64
		{EAF5ADA4-118D-4888-BCE1-0B9DE487A6A5}.Release|x64.Build.0 = Release|x64
		{50AE8502-9D18-4C08-9752-BA44C15D9A06}.Debug|Any CPU.ActiveCfg = Debug|Any CPU
		{50AE8502-9D18-4C08-9752-BA44C15D9A06}.Debug|Any CPU.Build.0 = Debug|Any CPU
		{50AE8502-9D18-4C08-9752-BA44C15D9A06}.Debug|x64.ActiveCfg = Debug|Any CPU
		{50AE8502-9D18-4C08-9752-BA44C15D9A06}.Debug|x64.Build.0 = Debug|Any CPU
		{50AE8502-9D18-4C08-9752-BA44C15D9A06}.Release(Collect)|Any CPU.ActiveCfg = Release|Any CPU
		{50AE8502-9D18-4C08-9752-BA44C15D9A06}.Release(Collect)|Any CPU.Build.0 = Release|Any CPU
		{50AE8502-9D18-4C08-9752-BA44C15D9A06}.Release(Collect)|x64.ActiveCfg = Release|Any CPU
		{50AE8502-9D18-4C08-9752-BA44C15D9A06}.Release(Collect)|x64.Build.0 = Release|Any CPU
		{50AE8502-9D18-4C08-9752-BA44C15D9A06}.Release|Any CPU.ActiveCfg = Release|Any CPU
		{50AE8502-9D18-4C08-9752-BA44C15D9A06}.Release|Any CPU.Build.0 = Release|Any CPU
		{50AE8502-9D18-4C08-9752-BA44C15D9A06}.Release|x64.ActiveCfg = Release|Any CPU
		{50AE8502-9D18-4C08-9752-BA44C15D9A06}.Release|x64.Build.0 = Release|Any CPU
		{6CAFC0C6-A428-4D30-A9F9-700E829FEA51}.Debug|Any CPU.ActiveCfg = Debug|Any CPU
		{6CAFC0C6-A428-4D30-A9F9-700E829FEA51}.Debug|Any CPU.Build.0 = Debug|Any CPU
		{6CAFC0C6-A428-4D30-A9F9-700E829FEA51}.Debug|x64.ActiveCfg = Debug|Any CPU
		{6CAFC0C6-A428-4D30-A9F9-700E829FEA51}.Debug|x64.Build.0 = Debug|Any CPU
		{6CAFC0C6-A428-4D30-A9F9-700E829FEA51}.Release(Collect)|Any CPU.ActiveCfg = Release|Any CPU
		{6CAFC0C6-A428-4D30-A9F9-700E829FEA51}.Release(Collect)|Any CPU.Build.0 = Release|Any CPU
		{6CAFC0C6-A428-4D30-A9F9-700E829FEA51}.Release(Collect)|x64.ActiveCfg = Release|Any CPU
		{6CAFC0C6-A428-4D30-A9F9-700E829FEA51}.Release(Collect)|x64.Build.0 = Release|Any CPU
		{6CAFC0C6-A428-4D30-A9F9-700E829FEA51}.Release|Any CPU.ActiveCfg = Release|Any CPU
		{6CAFC0C6-A428-4D30-A9F9-700E829FEA51}.Release|Any CPU.Build.0 = Release|Any CPU
		{6CAFC0C6-A428-4D30-A9F9-700E829FEA51}.Release|x64.ActiveCfg = Release|Any CPU
		{6CAFC0C6-A428-4D30-A9F9-700E829FEA51}.Release|x64.Build.0 = Release|Any CPU
		{D72FCC24-C905-443C-AB11-BC53712B0D89}.Debug|Any CPU.ActiveCfg = Debug|Any CPU
		{D72FCC24-C905-443C-AB11-BC53712B0D89}.Debug|x64.ActiveCfg = Debug|Any CPU
		{D72FCC24-C905-443C-AB11-BC53712B0D89}.Release(Collect)|Any CPU.ActiveCfg = Release|Any CPU
		{D72FCC24-C905-443C-AB11-BC53712B0D89}.Release(Collect)|x64.ActiveCfg = Release|Any CPU
		{D72FCC24-C905-443C-AB11-BC53712B0D89}.Release|Any CPU.ActiveCfg = Release|Any CPU
		{D72FCC24-C905-443C-AB11-BC53712B0D89}.Release|x64.ActiveCfg = Release|Any CPU
	EndGlobalSection
	GlobalSection(SolutionProperties) = preSolution
		HideSolutionNode = FALSE
	EndGlobalSection
	GlobalSection(ExtensibilityGlobals) = postSolution
		SolutionGuid = {27F5BF2C-BFEF-467A-9ABD-B9212EE0806A}
	EndGlobalSection
EndGlobal
